{
    "_meta": {
        "hash": {
            "sha256": "f92dfa235d7ce8afd14e2798a3e7ed6c5294030dfc916e67bbf6f65589ec9dd8"
        },
        "pipfile-spec": 6,
        "requires": {
            "python_version": "3.8"
        },
        "sources": [
            {
                "name": "pip_conf_index_global",
                "url": "https://pypi.tsinghua.edu.cn/simple",
                "verify_ssl": true
            }
        ]
    },
    "default": {},
    "develop": {}
}
